
Microsoft Visual Studio Solution File, Format Version 12.00
# Visual Studio Version 17
VisualStudioVersion = 17.0.31912.275
MinimumVisualStudioVersion = 10.0.40219.1
Project("{FAE04EC0-301F-11D3-BF4B-00C04F79EFBC}") = "Pong", "Pong\Pong.csproj", "{E2C6C4DF-8451-470B-A5CA-0B1CC61C9959}"
EndProject
Global
	GlobalSection(SolutionConfigurationPlatforms) = preSolution
		Debug|Any CPU = Debug|Any CPU
		Release|Any CPU = Release|Any CPU
	EndGlobalSection
	GlobalSection(ProjectConfigurationPlatforms) = postSolution
		{E2C6C4DF-8451-470B-A5CA-0B1CC61C9959}.Debug|Any CPU.ActiveCfg = Debug|Any CPU
		{E2C6C4DF-8451-470B-A5CA-0B1CC61C9959}.Debug|Any CPU.Build.0 = Debug|Any CPU
		{E2C6C4DF-8451-470B-A5CA-0B1CC61C9959}.Release|Any CPU.ActiveCfg = Release|Any CPU
		{E2C6C4DF-8451-470B-A5CA-0B1CC61C9959}.Release|Any CPU.Build.0 = Release|Any CPU
	EndGlobalSection
	GlobalSection(SolutionProperties) = preSolution
		HideSolutionNode = FALSE
	EndGlobalSection
	GlobalSection(ExtensibilityGlobals) = postSolution
		SolutionGuid = {400A2DC5-968F-4C4F-BB40-85138DF01B1C}
	EndGlobalSection
EndGlobal
